
Microsoft Visual Studio Solution File, Format Version 12.00
# Visual Studio Version 16
VisualStudioVersion = 16.0.31005.135
MinimumVisualStudioVersion = 10.0.40219.1
Project("{FAE04EC0-301F-11D3-BF4B-00C04F79EFBC}") = "AndroidApp.Android", "AndroidApp\AndroidApp.Android\AndroidApp.Android.csproj", "{CED5190B-39DA-49FC-BCD0-79A33EB506B2}"
EndProject
Project("{FAE04EC0-301F-11D3-BF4B-00C04F79EFBC}") = "AndroidApp", "AndroidApp\AndroidApp\AndroidApp.csproj", "{B0F2491B-1F6C-4F63-BB76-7A90187DA82B}"
EndProject
Global
	GlobalSection(SolutionConfigurationPlatforms) = preSolution
		Debug|Any CPU = Debug|Any CPU
		Release|Any CPU = Release|Any CPU
	EndGlobalSection
	GlobalSection(ProjectConfigurationPlatforms) = postSolution
		{CED5190B-39DA-49FC-BCD0-79A33EB506B2}.Debug|Any CPU.ActiveCfg = Debug|Any CPU
		{CED5190B-39DA-49FC-BCD0-79A33EB506B2}.Debug|Any CPU.Build.0 = Debug|Any CPU
		{CED5190B-39DA-49FC-BCD0-79A33EB506B2}.Debug|Any CPU.Deploy.0 = Debug|Any CPU
		{CED5190B-39DA-49FC-BCD0-79A33EB506B2}.Release|Any CPU.ActiveCfg = Release|Any CPU
		{CED5190B-39DA-49FC-BCD0-79A33EB506B2}.Release|Any CPU.Build.0 = Release|Any CPU
		{CED5190B-39DA-49FC-BCD0-79A33EB506B2}.Release|Any CPU.Deploy.0 = Release|Any CPU
		{B0F2491B-1F6C-4F63-BB76-7A90187DA82B}.Debug|Any CPU.ActiveCfg = Debug|Any CPU
		{B0F2491B-1F6C-4F63-BB76-7A90187DA82B}.Debug|Any CPU.Build.0 = Debug|Any CPU
		{B0F2491B-1F6C-4F63-BB76-7A90187DA82B}.Debug|Any CPU.Deploy.0 = Debug|Any CPU
		{B0F2491B-1F6C-4F63-BB76-7A90187DA82B}.Release|Any CPU.ActiveCfg = Release|Any CPU
		{B0F2491B-1F6C-4F63-BB76-7A90187DA82B}.Release|Any CPU.Build.0 = Release|Any CPU
		{B0F2491B-1F6C-4F63-BB76-7A90187DA82B}.Release|Any CPU.Deploy.0 = Release|Any CPU
	EndGlobalSection
	GlobalSection(SolutionProperties) = preSolution
		HideSolutionNode = FALSE
	EndGlobalSection
	GlobalSection(ExtensibilityGlobals) = postSolution
		SolutionGuid = {4E1010A7-34A1-46AA-A1A8-1C58CD71D2EB}
	EndGlobalSection
EndGlobal
